
Microsoft Visual Studio Solution File, Format Version 12.00
# Visual Studio Version 17
VisualStudioVersion = 17.4.33122.133
MinimumVisualStudioVersion = 10.0.40219.1
Project("{FAE04EC0-301F-11D3-BF4B-00C04F79EFBC}") = "Labb3_databas_AhlingsSchoolProject", "Labb3_databas_AhlingsSchoolProject.csproj", "{C1C812EB-04C5-4995-A389-78F5EBE09AF6}"
EndProject
Global
	GlobalSection(SolutionConfigurationPlatforms) = preSolution
		Debug|Any CPU = Debug|Any CPU
		Release|Any CPU = Release|Any CPU
	EndGlobalSection
	GlobalSection(ProjectConfigurationPlatforms) = postSolution
		{C1C812EB-04C5-4995-A389-78F5EBE09AF6}.Debug|Any CPU.ActiveCfg = Debug|Any CPU
		{C1C812EB-04C5-4995-A389-78F5EBE09AF6}.Debug|Any CPU.Build.0 = Debug|Any CPU
		{C1C812EB-04C5-4995-A389-78F5EBE09AF6}.Release|Any CPU.ActiveCfg = Release|Any CPU
		{C1C812EB-04C5-4995-A389-78F5EBE09AF6}.Release|Any CPU.Build.0 = Release|Any CPU
	EndGlobalSection
	GlobalSection(SolutionProperties) = preSolution
		HideSolutionNode = FALSE
	EndGlobalSection
	GlobalSection(ExtensibilityGlobals) = postSolution
		SolutionGuid = {42F0EB5F-6BDD-4EF0-8F9D-E4CE3BA30729}
	EndGlobalSection
EndGlobal
